
Microsoft Visual Studio Solution File, Format Version 12.00
# Visual Studio Version 17
VisualStudioVersion = 17.3.32929.385
MinimumVisualStudioVersion = 10.0.40219.1
Project("{F184B08F-C81C-45F6-A57F-5ABD9991F28F}") = "24newproj", "24newproj\24newproj.vbproj", "{24485898-375C-4FB3-B5C4-69D640B26170}"
EndProject
Global
	GlobalSection(SolutionConfigurationPlatforms) = preSolution
		Debug|Any CPU = Debug|Any CPU
		Release|Any CPU = Release|Any CPU
	EndGlobalSection
	GlobalSection(ProjectConfigurationPlatforms) = postSolution
		{24485898-375C-4FB3-B5C4-69D640B26170}.Debug|Any CPU.ActiveCfg = Debug|Any CPU
		{24485898-375C-4FB3-B5C4-69D640B26170}.Debug|Any CPU.Build.0 = Debug|Any CPU
		{24485898-375C-4FB3-B5C4-69D640B26170}.Release|Any CPU.ActiveCfg = Release|Any CPU
		{24485898-375C-4FB3-B5C4-69D640B26170}.Release|Any CPU.Build.0 = Release|Any CPU
	EndGlobalSection
	GlobalSection(SolutionProperties) = preSolution
		HideSolutionNode = FALSE
	EndGlobalSection
	GlobalSection(ExtensibilityGlobals) = postSolution
		SolutionGuid = {7D48CE96-023E-4AB9-9376-D0D5F9FE7B54}
	EndGlobalSection
EndGlobal
